<?xml version="1.0" encoding="utf-8"?>
<Project ToolsVersion="4.0" xmlns="http://schemas.microsoft.com/developer/msbuild/2003">
  <ItemGroup>
    <Filter Include="Source Files">
      <UniqueIdentifier>{968e4fad-33c7-4746-b308-41fb0020e2b4}</UniqueIdentifier>
      <Extensions>cpp;c;cxx;def;odl;idl;hpj;bat;asm</Extensions>
    </Filter>
  </ItemGroup>
  <ItemGroup>
    <ClCompile Include="..\daemon\acm.c">
      <Filter>Source Files</Filter>
    </ClCompile>
    <ClCompile Include="..\daemon\alarm.c">
      <Filter>Source Files</Filter>
    </ClCompile>
    <ClCompile Include="..\daemon\arch.c">
      <Filter>Source Files</Filter>
    </ClCompile>
    <ClCompile Include="..\daemon\configuration.c">
      <Filter>Source Files</Filter>
    </ClCompile>
    <ClCompile Include="..\daemon\data_link.c">
      <Filter>Source Files</Filter>
    </ClCompile>
    <ClCompile Include="..\daemon\events.c">
      <Filter>Source Files</Filter>
    </ClCompile>
    <ClCompile Include="..\daemon\lex.yy.c">
      <Filter>Source Files</Filter>
    </ClCompile>
    <ClCompile Include="..\daemon\memory.c">
      <Filter>Source Files</Filter>
    </ClCompile>
    <ClCompile Include="..\daemon\monitor.c">
      <Filter>Source Files</Filter>
    </ClCompile>
    <ClCompile Include="..\daemon\y.tab.c">
      <Filter>Source Files</Filter>
    </ClCompile>
  </ItemGroup>
</Project>